{
  "object": {
    "pins": [
      {
        "package": "async-http-client",
        "repositoryURL": "https://github.com/swift-server/async-http-client.git",
        "state": {
          "branch": null,
          "revision": "51dc885a30ca704b02fa803099b0a9b5b38067b6",
          "version": "1.0.0"
        }
      },
      {
        "package": "async-kit",
        "repositoryURL": "https://github.com/vapor/async-kit.git",
        "state": {
          "branch": "master",
          "revision": "199a53542275466d691767b63a80ed8e97f52e40",
          "version": null
        }
      },
      {
        "package": "BilibiliAPI",
        "repositoryURL": "https://github.com/touee/BilibiliAPI.git",
        "state": {
          "branch": null,
          "revision": "0893672123bcf796027ab8fda3a298ea94317c80",
          "version": "0.1.7"
        }
      },
      {
        "package": "Cryptor",
        "repositoryURL": "https://github.com/IBM-Swift/BlueCryptor.git",
        "state": {
          "branch": null,
          "revision": "12d2bf3ec7207ec3cd004b9582f69ef5fae1da3b",
          "version": "1.0.32"
        }
      },
      {
        "package": "HeliumLogger",
        "repositoryURL": "https://github.com/IBM-Swift/HeliumLogger.git",
        "state": {
          "branch": null,
          "revision": "146a36c2a91270e4213fa7d7e8192cd2e55d0ace",
          "version": "1.9.0"
        }
      },
      {
        "package": "LoggerAPI",
        "repositoryURL": "https://github.com/IBM-Swift/LoggerAPI.git",
        "state": {
          "branch": null,
          "revision": "3357dd9526cdf9436fa63bb792b669e6efdc43da",
          "version": "1.9.0"
        }
      },
      {
        "package": "NetTime",
        "repositoryURL": "https://github.com/dduan/NetTime",
        "state": {
          "branch": null,
          "revision": "cc71922e621731b59b2b909eac7d6748c4a5a752",
          "version": "0.2.2"
        }
      },
      {
        "package": "postgres-kit",
        "repositoryURL": "https://github.com/vapor/postgres-kit",
        "state": {
          "branch": "master",
          "revision": "6e4030ba7197d5fc9b44371a3698b2c68d7128f8",
          "version": null
        }
      },
      {
        "package": "postgres-nio",
        "repositoryURL": "https://github.com/vapor/postgres-nio.git",
        "state": {
          "branch": "master",
          "revision": "e0ed3fb5f42d63d7f39bf27e082100817d8ace22",
          "version": null
        }
      },
      {
        "package": "sql-kit",
        "repositoryURL": "https://github.com/vapor/sql-kit.git",
        "state": {
          "branch": "master",
          "revision": "35d0071854caff813b5479c445a21113fd882773",
          "version": null
        }
      },
      {
        "package": "SQLite.swift",
        "repositoryURL": "https://github.com/stephencelis/SQLite.swift.git",
        "state": {
          "branch": null,
          "revision": "0a9893ec030501a3956bee572d6b4fdd3ae158a1",
          "version": "0.12.2"
        }
      },
      {
        "package": "JQWrapper",
        "repositoryURL": "https://github.com/touee/swift-jq-wrapper.git",
        "state": {
          "branch": null,
          "revision": "1469e4107110075a72b14e60680ebfca2949c5a5",
          "version": "0.0.4"
        }
      },
      {
        "package": "swift-log",
        "repositoryURL": "https://github.com/apple/swift-log.git",
        "state": {
          "branch": null,
          "revision": "74d7b91ceebc85daf387ebb206003f78813f71aa",
          "version": "1.2.0"
        }
      },
      {
        "package": "swift-metrics",
        "repositoryURL": "https://github.com/apple/swift-metrics.git",
        "state": {
          "branch": null,
          "revision": "3fefedaaef285830cc98ae80231140122076a7e0",
          "version": "1.2.0"
        }
      },
      {
        "package": "swift-nio",
        "repositoryURL": "https://github.com/apple/swift-nio.git",
        "state": {
          "branch": null,
          "revision": "ff01888051cd7efceb1bf8319c1dd3986c4bf6fc",
          "version": "2.10.1"
        }
      },
      {
        "package": "swift-nio-extras",
        "repositoryURL": "https://github.com/apple/swift-nio-extras.git",
        "state": {
          "branch": null,
          "revision": "53808818c2015c45247cad74dc05c7a032c96a2f",
          "version": "1.3.2"
        }
      },
      {
        "package": "swift-nio-ssl",
        "repositoryURL": "https://github.com/apple/swift-nio-ssl.git",
        "state": {
          "branch": null,
          "revision": "ccf96bbe65ecc7c1558ab0dba7ffabdea5c1d31f",
          "version": "2.4.4"
        }
      },
      {
        "package": "SwiftTask",
        "repositoryURL": "https://github.com/touee/SwiftTask.git",
        "state": {
          "branch": null,
          "revision": "168300727fd412da3e5e49167f1cf6b34155cef0",
          "version": "0.0.12"
        }
      },
      {
        "package": "SwiftyJSON",
        "repositoryURL": "https://github.com/SwiftyJSON/SwiftyJSON.git",
        "state": {
          "branch": null,
          "revision": "2b6054efa051565954e1d2b9da831680026cd768",
          "version": "5.0.0"
        }
      },
      {
        "package": "TOMLDecoder",
        "repositoryURL": "https://github.com/dduan/TOMLDecoder.git",
        "state": {
          "branch": null,
          "revision": "e591bee4e5d624b99519d563ba87cc762ab7a308",
          "version": "0.1.5"
        }
      },
      {
        "package": "TOMLDeserializer",
        "repositoryURL": "https://github.com/dduan/TOMLDeserializer",
        "state": {
          "branch": null,
          "revision": "ea6b941e53cdedc9f4737903769eb9f2cf8d2acf",
          "version": "0.2.4"
        }
      }
    ]
  },
  "version": 1
}
